{
    "_readme": [
        "This file locks the dependencies of your project to a known state",
        "Read more about it at https://getcomposer.org/doc/01-basic-usage.md#installing-dependencies",
        "This file is @generated automatically"
    ],
    "content-hash": "df670d2e3129fd96f65584440fe1bc80",
    "packages": [
        {
            "name": "symplify/sst-sdk-php",
            "version": "dev-main",
            "dist": {
                "type": "path",
                "url": "..",
                "reference": "d15398c3e7d27e0c7d8c304e14150c7c9c173bd2"
            },
            "require": {
                "php": ">=7.4"
            },
            "require-dev": {
                "phpstan/phpstan": "1.5.3",
                "phpunit/phpunit": "9.5.19"
            },
            "type": "library",
            "autoload": {
                "psr-4": {
                    "Symplify\\SSTSDK\\": "src/"
                }
            },
            "license": [
                "MIT"
            ],
            "authors": [
                {
                    "name": "Fabian Bergström"
                }
            ],
            "description": "Server-Side Testing SDK",
            "transport-options": {
                "relative": true
            }
        }
    ],
    "packages-dev": [],
    "aliases": [],
    "minimum-stability": "stable",
    "stability-flags": {
        "symplify/sst-sdk-php": 20
    },
    "prefer-stable": false,
    "prefer-lowest": false,
    "platform": {
        "php": ">=7.4"
    },
    "platform-dev": [],
    "plugin-api-version": "2.3.0"
}
